
Microsoft Visual Studio Solution File, Format Version 12.00
# Visual Studio 15
VisualStudioVersion = 15.0.28307.106
MinimumVisualStudioVersion = 10.0.40219.1
Project("{8BC9CEB8-8B4A-11D0-8D11-00A0C91BC942}") = "ConsoleApplication31", "ConsoleApplication31\ConsoleApplication31.vcxproj", "{DE9EB68E-DAA0-4C8F-A3B3-B3C71D7CC013}"
EndProject
Global
	GlobalSection(SolutionConfigurationPlatforms) = preSolution
		Debug|x64 = Debug|x64
		Debug|x86 = Debug|x86
		Release|x64 = Release|x64
		Release|x86 = Release|x86
	EndGlobalSection
	GlobalSection(ProjectConfigurationPlatforms) = postSolution
		{DE9EB68E-DAA0-4C8F-A3B3-B3C71D7CC013}.Debug|x64.ActiveCfg = Debug|x64
		{DE9EB68E-DAA0-4C8F-A3B3-B3C71D7CC013}.Debug|x64.Build.0 = Debug|x64
		{DE9EB68E-DAA0-4C8F-A3B3-B3C71D7CC013}.Debug|x86.ActiveCfg = Debug|Win32
		{DE9EB68E-DAA0-4C8F-A3B3-B3C71D7CC013}.Debug|x86.Build.0 = Debug|Win32
		{DE9EB68E-DAA0-4C8F-A3B3-B3C71D7CC013}.Release|x64.ActiveCfg = Release|x64
		{DE9EB68E-DAA0-4C8F-A3B3-B3C71D7CC013}.Release|x64.Build.0 = Release|x64
		{DE9EB68E-DAA0-4C8F-A3B3-B3C71D7CC013}.Release|x86.ActiveCfg = Release|Win32
		{DE9EB68E-DAA0-4C8F-A3B3-B3C71D7CC013}.Release|x86.Build.0 = Release|Win32
	EndGlobalSection
	GlobalSection(SolutionProperties) = preSolution
		HideSolutionNode = FALSE
	EndGlobalSection
	GlobalSection(ExtensibilityGlobals) = postSolution
		SolutionGuid = {07BAB0D5-6EE6-4665-9365-ECDE263DD856}
	EndGlobalSection
EndGlobal
